// !$*UTF8*$!
{
	archiveVersion = 1;
	classes = {
	};
	objectVersion = 56;
	objects = {

/* Begin PBXBuildFile section */
		D15ACB922B0A67B300BC3AF0 /* CustomBackgroundView.swift in Sources */ = {isa = PBXBuildFile; fileRef = D15ACB912B0A67B300BC3AF0 /* CustomBackgroundView.swift */; };
		D15B30F12B05828200E76590 /* MedicineEntryDetailView.swift in Sources */ = {isa = PBXBuildFile; fileRef = D15B30F02B05828200E76590 /* MedicineEntryDetailView.swift */; };
		D15B30F32B058B0800E76590 /* MedicineEntryRowView.swift in Sources */ = {isa = PBXBuildFile; fileRef = D15B30F22B058B0800E76590 /* MedicineEntryRowView.swift */; };
		D162152F2B06D65000697E6F /* CreateMedicineEntryView.swift in Sources */ = {isa = PBXBuildFile; fileRef = D162152E2B06D65000697E6F /* CreateMedicineEntryView.swift */; };
		D16215312B06DF8800697E6F /* EditMedicineEntryView.swift in Sources */ = {isa = PBXBuildFile; fileRef = D16215302B06DF8800697E6F /* EditMedicineEntryView.swift */; };
		D1819ED42B03B19E005362CC /* MedicineOrganiserAppApp.swift in Sources */ = {isa = PBXBuildFile; fileRef = D1819ED32B03B19E005362CC /* MedicineOrganiserAppApp.swift */; };
		D1819ED62B03B19E005362CC /* MedicineEntriesListView.swift in Sources */ = {isa = PBXBuildFile; fileRef = D1819ED52B03B19E005362CC /* MedicineEntriesListView.swift */; };
		D1819ED82B03B19F005362CC /* Assets.xcassets in Resources */ = {isa = PBXBuildFile; fileRef = D1819ED72B03B19F005362CC /* Assets.xcassets */; };
		D1819EDB2B03B19F005362CC /* Preview Assets.xcassets in Resources */ = {isa = PBXBuildFile; fileRef = D1819EDA2B03B19F005362CC /* Preview Assets.xcassets */; };
		D1819EE52B03B19F005362CC /* MedicineOrganiserAppTests.swift in Sources */ = {isa = PBXBuildFile; fileRef = D1819EE42B03B19F005362CC /* MedicineOrganiserAppTests.swift */; };
		D1819EEF2B03B1A0005362CC /* MedicineOrganiserAppUITests.swift in Sources */ = {isa = PBXBuildFile; fileRef = D1819EEE2B03B1A0005362CC /* MedicineOrganiserAppUITests.swift */; };
		D1819EF12B03B1A0005362CC /* MedicineOrganiserAppUITestsLaunchTests.swift in Sources */ = {isa = PBXBuildFile; fileRef = D1819EF02B03B1A0005362CC /* MedicineOrganiserAppUITestsLaunchTests.swift */; };
		D1819EFE2B042B86005362CC /* MedicineEntry.swift in Sources */ = {isa = PBXBuildFile; fileRef = D1819EFD2B042B86005362CC /* MedicineEntry.swift */; };
/* End PBXBuildFile section */

/* Begin PBXContainerItemProxy section */
		D1819EE12B03B19F005362CC /* PBXContainerItemProxy */ = {
			isa = PBXContainerItemProxy;
			containerPortal = D1819EC82B03B19E005362CC /* Project object */;
			proxyType = 1;
			remoteGlobalIDString = D1819ECF2B03B19E005362CC;
			remoteInfo = MedicineOrganiserApp;
		};
		D1819EEB2B03B1A0005362CC /* PBXContainerItemProxy */ = {
			isa = PBXContainerItemProxy;
			containerPortal = D1819EC82B03B19E005362CC /* Project object */;
			proxyType = 1;
			remoteGlobalIDString = D1819ECF2B03B19E005362CC;
			remoteInfo = MedicineOrganiserApp;
		};
/* End PBXContainerItemProxy section */

/* Begin PBXFileReference section */
		D15ACB912B0A67B300BC3AF0 /* CustomBackgroundView.swift */ = {isa = PBXFileReference; lastKnownFileType = sourcecode.swift; path = CustomBackgroundView.swift; sourceTree = "<group>"; };
		D15B30F02B05828200E76590 /* MedicineEntryDetailView.swift */ = {isa = PBXFileReference; lastKnownFileType = sourcecode.swift; path = MedicineEntryDetailView.swift; sourceTree = "<group>"; };
		D15B30F22B058B0800E76590 /* MedicineEntryRowView.swift */ = {isa = PBXFileReference; lastKnownFileType = sourcecode.swift; path = MedicineEntryRowView.swift; sourceTree = "<group>"; };
		D162152E2B06D65000697E6F /* CreateMedicineEntryView.swift */ = {isa = PBXFileReference; lastKnownFileType = sourcecode.swift; path = CreateMedicineEntryView.swift; sourceTree = "<group>"; };
		D16215302B06DF8800697E6F /* EditMedicineEntryView.swift */ = {isa = PBXFileReference; lastKnownFileType = sourcecode.swift; path = EditMedicineEntryView.swift; sourceTree = "<group>"; };
		D1819ED02B03B19E005362CC /* MedicineOrganiserApp.app */ = {isa = PBXFileReference; explicitFileType = wrapper.application; includeInIndex = 0; path = MedicineOrganiserApp.app; sourceTree = BUILT_PRODUCTS_DIR; };
		D1819ED32B03B19E005362CC /* MedicineOrganiserAppApp.swift */ = {isa = PBXFileReference; lastKnownFileType = sourcecode.swift; path = MedicineOrganiserAppApp.swift; sourceTree = "<group>"; };
		D1819ED52B03B19E005362CC /* MedicineEntriesListView.swift */ = {isa = PBXFileReference; lastKnownFileType = sourcecode.swift; path = MedicineEntriesListView.swift; sourceTree = "<group>"; };
		D1819ED72B03B19F005362CC /* Assets.xcassets */ = {isa = PBXFileReference; lastKnownFileType = folder.assetcatalog; path = Assets.xcassets; sourceTree = "<group>"; };
		D1819EDA2B03B19F005362CC /* Preview Assets.xcassets */ = {isa = PBXFileReference; lastKnownFileType = folder.assetcatalog; path = "Preview Assets.xcassets"; sourceTree = "<group>"; };
		D1819EE02B03B19F005362CC /* MedicineOrganiserAppTests.xctest */ = {isa = PBXFileReference; explicitFileType = wrapper.cfbundle; includeInIndex = 0; path = MedicineOrganiserAppTests.xctest; sourceTree = BUILT_PRODUCTS_DIR; };
		D1819EE42B03B19F005362CC /* MedicineOrganiserAppTests.swift */ = {isa = PBXFileReference; lastKnownFileType = sourcecode.swift; path = MedicineOrganiserAppTests.swift; sourceTree = "<group>"; };
		D1819EEA2B03B1A0005362CC /* MedicineOrganiserAppUITests.xctest */ = {isa = PBXFileReference; explicitFileType = wrapper.cfbundle; includeInIndex = 0; path = MedicineOrganiserAppUITests.xctest; sourceTree = BUILT_PRODUCTS_DIR; };
		D1819EEE2B03B1A0005362CC /* MedicineOrganiserAppUITests.swift */ = {isa = PBXFileReference; lastKnownFileType = sourcecode.swift; path = MedicineOrganiserAppUITests.swift; sourceTree = "<group>"; };
		D1819EF02B03B1A0005362CC /* MedicineOrganiserAppUITestsLaunchTests.swift */ = {isa = PBXFileReference; lastKnownFileType = sourcecode.swift; path = MedicineOrganiserAppUITestsLaunchTests.swift; sourceTree = "<group>"; };
		D1819EFD2B042B86005362CC /* MedicineEntry.swift */ = {isa = PBXFileReference; lastKnownFileType = sourcecode.swift; path = MedicineEntry.swift; sourceTree = "<group>"; };
/* End PBXFileReference section */

/* Begin PBXFrameworksBuildPhase section */
		D1819ECD2B03B19E005362CC /* Frameworks */ = {
			isa = PBXFrameworksBuildPhase;
			buildActionMask = 2147483647;
			files = (
			);
			runOnlyForDeploymentPostprocessing = 0;
		};
		D1819EDD2B03B19F005362CC /* Frameworks */ = {
			isa = PBXFrameworksBuildPhase;
			buildActionMask = 2147483647;
			files = (
			);
			runOnlyForDeploymentPostprocessing = 0;
		};
		D1819EE72B03B1A0005362CC /* Frameworks */ = {
			isa = PBXFrameworksBuildPhase;
			buildActionMask = 2147483647;
			files = (
			);
			runOnlyForDeploymentPostprocessing = 0;
		};
/* End PBXFrameworksBuildPhase section */

/* Begin PBXGroup section */
		D1819EC72B03B19E005362CC = {
			isa = PBXGroup;
			children = (
				D1819ED22B03B19E005362CC /* MedicineOrganiserApp */,
				D1819EE32B03B19F005362CC /* MedicineOrganiserAppTests */,
				D1819EED2B03B1A0005362CC /* MedicineOrganiserAppUITests */,
				D1819ED12B03B19E005362CC /* Products */,
			);
			sourceTree = "<group>";
		};
		D1819ED12B03B19E005362CC /* Products */ = {
			isa = PBXGroup;
			children = (
				D1819ED02B03B19E005362CC /* MedicineOrganiserApp.app */,
				D1819EE02B03B19F005362CC /* MedicineOrganiserAppTests.xctest */,
				D1819EEA2B03B1A0005362CC /* MedicineOrganiserAppUITests.xctest */,
			);
			name = Products;
			sourceTree = "<group>";
		};
		D1819ED22B03B19E005362CC /* MedicineOrganiserApp */ = {
			isa = PBXGroup;
			children = (
				D1819ED32B03B19E005362CC /* MedicineOrganiserAppApp.swift */,
				D1819ED52B03B19E005362CC /* MedicineEntriesListView.swift */,
				D15B30F22B058B0800E76590 /* MedicineEntryRowView.swift */,
				D15B30F02B05828200E76590 /* MedicineEntryDetailView.swift */,
				D162152E2B06D65000697E6F /* CreateMedicineEntryView.swift */,
				D16215302B06DF8800697E6F /* EditMedicineEntryView.swift */,
				D15ACB912B0A67B300BC3AF0 /* CustomBackgroundView.swift */,
				D1819EFD2B042B86005362CC /* MedicineEntry.swift */,
				D1819ED72B03B19F005362CC /* Assets.xcassets */,
				D1819ED92B03B19F005362CC /* Preview Content */,
			);
			path = MedicineOrganiserApp;
			sourceTree = "<group>";
		};
		D1819ED92B03B19F005362CC /* Preview Content */ = {
			isa = PBXGroup;
			children = (
				D1819EDA2B03B19F005362CC /* Preview Assets.xcassets */,
			);
			path = "Preview Content";
			sourceTree = "<group>";
		};
		D1819EE32B03B19F005362CC /* MedicineOrganiserAppTests */ = {
			isa = PBXGroup;
			children = (
				D1819EE42B03B19F005362CC /* MedicineOrganiserAppTests.swift */,
			);
			path = MedicineOrganiserAppTests;
			sourceTree = "<group>";
		};
		D1819EED2B03B1A0005362CC /* MedicineOrganiserAppUITests */ = {
			isa = PBXGroup;
			children = (
				D1819EEE2B03B1A0005362CC /* MedicineOrganiserAppUITests.swift */,
				D1819EF02B03B1A0005362CC /* MedicineOrganiserAppUITestsLaunchTests.swift */,
			);
			path = MedicineOrganiserAppUITests;
			sourceTree = "<group>";
		};
/* End PBXGroup section */

/* Begin PBXNativeTarget section */
		D1819ECF2B03B19E005362CC /* MedicineOrganiserApp */ = {
			isa = PBXNativeTarget;
			buildConfigurationList = D1819EF42B03B1A0005362CC /* Build configuration list for PBXNativeTarget "MedicineOrganiserApp" */;
			buildPhases = (
				D1819ECC2B03B19E005362CC /* Sources */,
				D1819ECD2B03B19E005362CC /* Frameworks */,
				D1819ECE2B03B19E005362CC /* Resources */,
			);
			buildRules = (
			);
			dependencies = (
			);
			name = MedicineOrganiserApp;
			productName = MedicineOrganiserApp;
			productReference = D1819ED02B03B19E005362CC /* MedicineOrganiserApp.app */;
			productType = "com.apple.product-type.application";
		};
		D1819EDF2B03B19F005362CC /* MedicineOrganiserAppTests */ = {
			isa = PBXNativeTarget;
			buildConfigurationList = D1819EF72B03B1A0005362CC /* Build configuration list for PBXNativeTarget "MedicineOrganiserAppTests" */;
			buildPhases = (
				D1819EDC2B03B19F005362CC /* Sources */,
				D1819EDD2B03B19F005362CC /* Frameworks */,
				D1819EDE2B03B19F005362CC /* Resources */,
			);
			buildRules = (
			);
			dependencies = (
				D1819EE22B03B19F005362CC /* PBXTargetDependency */,
			);
			name = MedicineOrganiserAppTests;
			productName = MedicineOrganiserAppTests;
			productReference = D1819EE02B03B19F005362CC /* MedicineOrganiserAppTests.xctest */;
			productType = "com.apple.product-type.bundle.unit-test";
		};
		D1819EE92B03B1A0005362CC /* MedicineOrganiserAppUITests */ = {
			isa = PBXNativeTarget;
			buildConfigurationList = D1819EFA2B03B1A0005362CC /* Build configuration list for PBXNativeTarget "MedicineOrganiserAppUITests" */;
			buildPhases = (
				D1819EE62B03B1A0005362CC /* Sources */,
				D1819EE72B03B1A0005362CC /* Frameworks */,
				D1819EE82B03B1A0005362CC /* Resources */,
			);
			buildRules = (
			);
			dependencies = (
				D1819EEC2B03B1A0005362CC /* PBXTargetDependency */,
			);
			name = MedicineOrganiserAppUITests;
			productName = MedicineOrganiserAppUITests;
			productReference = D1819EEA2B03B1A0005362CC /* MedicineOrganiserAppUITests.xctest */;
			productType = "com.apple.product-type.bundle.ui-testing";
		};
/* End PBXNativeTarget section */

/* Begin PBXProject section */
		D1819EC82B03B19E005362CC /* Project object */ = {
			isa = PBXProject;
			attributes = {
				BuildIndependentTargetsInParallel = 1;
				LastSwiftUpdateCheck = 1500;
				LastUpgradeCheck = 1500;
				TargetAttributes = {
					D1819ECF2B03B19E005362CC = {
						CreatedOnToolsVersion = 15.0.1;
					};
					D1819EDF2B03B19F005362CC = {
						CreatedOnToolsVersion = 15.0.1;
						TestTargetID = D1819ECF2B03B19E005362CC;
					};
					D1819EE92B03B1A0005362CC = {
						CreatedOnToolsVersion = 15.0.1;
						TestTargetID = D1819ECF2B03B19E005362CC;
					};
				};
			};
			buildConfigurationList = D1819ECB2B03B19E005362CC /* Build configuration list for PBXProject "MedicineOrganiserApp" */;
			compatibilityVersion = "Xcode 14.0";
			developmentRegion = en;
			hasScannedForEncodings = 0;
			knownRegions = (
				en,
				Base,
			);
			mainGroup = D1819EC72B03B19E005362CC;
			productRefGroup = D1819ED12B03B19E005362CC /* Products */;
			projectDirPath = "";
			projectRoot = "";
			targets = (
				D1819ECF2B03B19E005362CC /* MedicineOrganiserApp */,
				D1819EDF2B03B19F005362CC /* MedicineOrganiserAppTests */,
				D1819EE92B03B1A0005362CC /* MedicineOrganiserAppUITests */,
			);
		};
/* End PBXProject section */

/* Begin PBXResourcesBuildPhase section */
		D1819ECE2B03B19E005362CC /* Resources */ = {
			isa = PBXResourcesBuildPhase;
			buildActionMask = 2147483647;
			files = (
				D1819EDB2B03B19F005362CC /* Preview Assets.xcassets in Resources */,
				D1819ED82B03B19F005362CC /* Assets.xcassets in Resources */,
			);
			runOnlyForDeploymentPostprocessing = 0;
		};
		D1819EDE2B03B19F005362CC /* Resources */ = {
			isa = PBXResourcesBuildPhase;
			buildActionMask = 2147483647;
			files = (
			);
			runOnlyForDeploymentPostprocessing = 0;
		};
		D1819EE82B03B1A0005362CC /* Resources */ = {
			isa = PBXResourcesBuildPhase;
			buildActionMask = 2147483647;
			files = (
			);
			runOnlyForDeploymentPostprocessing = 0;
		};
/* End PBXResourcesBuildPhase section */

/* Begin PBXSourcesBuildPhase section */
		D1819ECC2B03B19E005362CC /* Sources */ = {
			isa = PBXSourcesBuildPhase;
			buildActionMask = 2147483647;
			files = (
				D15B30F32B058B0800E76590 /* MedicineEntryRowView.swift in Sources */,
				D162152F2B06D65000697E6F /* CreateMedicineEntryView.swift in Sources */,
				D1819ED62B03B19E005362CC /* MedicineEntriesListView.swift in Sources */,
				D15ACB922B0A67B300BC3AF0 /* CustomBackgroundView.swift in Sources */,
				D1819EFE2B042B86005362CC /* MedicineEntry.swift in Sources */,
				D16215312B06DF8800697E6F /* EditMedicineEntryView.swift in Sources */,
				D15B30F12B05828200E76590 /* MedicineEntryDetailView.swift in Sources */,
				D1819ED42B03B19E005362CC /* MedicineOrganiserAppApp.swift in Sources */,
			);
			runOnlyForDeploymentPostprocessing = 0;
		};
		D1819EDC2B03B19F005362CC /* Sources */ = {
			isa = PBXSourcesBuildPhase;
			buildActionMask = 2147483647;
			files = (
				D1819EE52B03B19F005362CC /* MedicineOrganiserAppTests.swift in Sources */,
			);
			runOnlyForDeploymentPostprocessing = 0;
		};
		D1819EE62B03B1A0005362CC /* Sources */ = {
			isa = PBXSourcesBuildPhase;
			buildActionMask = 2147483647;
			files = (
				D1819EEF2B03B1A0005362CC /* MedicineOrganiserAppUITests.swift in Sources */,
				D1819EF12B03B1A0005362CC /* MedicineOrganiserAppUITestsLaunchTests.swift in Sources */,
			);
			runOnlyForDeploymentPostprocessing = 0;
		};
/* End PBXSourcesBuildPhase section */

/* Begin PBXTargetDependency section */
		D1819EE22B03B19F005362CC /* PBXTargetDependency */ = {
			isa = PBXTargetDependency;
			target = D1819ECF2B03B19E005362CC /* MedicineOrganiserApp */;
			targetProxy = D1819EE12B03B19F005362CC /* PBXContainerItemProxy */;
		};
		D1819EEC2B03B1A0005362CC /* PBXTargetDependency */ = {
			isa = PBXTargetDependency;
			target = D1819ECF2B03B19E005362CC /* MedicineOrganiserApp */;
			targetProxy = D1819EEB2B03B1A0005362CC /* PBXContainerItemProxy */;
		};
/* End PBXTargetDependency section */

/* Begin XCBuildConfiguration section */
		D1819EF22B03B1A0005362CC /* Debug */ = {
			isa = XCBuildConfiguration;
			buildSettings = {
				ALWAYS_SEARCH_USER_PATHS = NO;
				ASSETCATALOG_COMPILER_GENERATE_SWIFT_ASSET_SYMBOL_EXTENSIONS = YES;
				CLANG_ANALYZER_NONNULL = YES;
				CLANG_ANALYZER_NUMBER_OBJECT_CONVERSION = YES_AGGRESSIVE;
				CLANG_CXX_LANGUAGE_STANDARD = "gnu++20";
				CLANG_ENABLE_MODULES = YES;
				CLANG_ENABLE_OBJC_ARC = YES;
				CLANG_ENABLE_OBJC_WEAK = YES;
				CLANG_WARN_BLOCK_CAPTURE_AUTORELEASING = YES;
				CLANG_WARN_BOOL_CONVERSION = YES;
				CLANG_WARN_COMMA = YES;
				CLANG_WARN_CONSTANT_CONVERSION = YES;
				CLANG_WARN_DEPRECATED_OBJC_IMPLEMENTATIONS = YES;
				CLANG_WARN_DIRECT_OBJC_ISA_USAGE = YES_ERROR;
				CLANG_WARN_DOCUMENTATION_COMMENTS = YES;
				CLANG_WARN_EMPTY_BODY = YES;
				CLANG_WARN_ENUM_CONVERSION = YES;
				CLANG_WARN_INFINITE_RECURSION = YES;
				CLANG_WARN_INT_CONVERSION = YES;
				CLANG_WARN_NON_LITERAL_NULL_CONVERSION = YES;
				CLANG_WARN_OBJC_IMPLICIT_RETAIN_SELF = YES;
				CLANG_WARN_OBJC_LITERAL_CONVERSION = YES;
				CLANG_WARN_OBJC_ROOT_CLASS = YES_ERROR;
				CLANG_WARN_QUOTED_INCLUDE_IN_FRAMEWORK_HEADER = YES;
				CLANG_WARN_RANGE_LOOP_ANALYSIS = YES;
				CLANG_WARN_STRICT_PROTOTYPES = YES;
				CLANG_WARN_SUSPICIOUS_MOVE = YES;
				CLANG_WARN_UNGUARDED_AVAILABILITY = YES_AGGRESSIVE;
				CLANG_WARN_UNREACHABLE_CODE = YES;
				CLANG_WARN__DUPLICATE_METHOD_MATCH = YES;
				COPY_PHASE_STRIP = NO;
				DEBUG_INFORMATION_FORMAT = dwarf;
				ENABLE_STRICT_OBJC_MSGSEND = YES;
				ENABLE_TESTABILITY = YES;
				ENABLE_USER_SCRIPT_SANDBOXING = YES;
				GCC_C_LANGUAGE_STANDARD = gnu17;
				GCC_DYNAMIC_NO_PIC = NO;
				GCC_NO_COMMON_BLOCKS = YES;
				GCC_OPTIMIZATION_LEVEL = 0;
				GCC_PREPROCESSOR_DEFINITIONS = (
					"DEBUG=1",
					"$(inherited)",
				);
				GCC_WARN_64_TO_32_BIT_CONVERSION = YES;
				GCC_WARN_ABOUT_RETURN_TYPE = YES_ERROR;
				GCC_WARN_UNDECLARED_SELECTOR = YES;
				GCC_WARN_UNINITIALIZED_AUTOS = YES_AGGRESSIVE;
				GCC_WARN_UNUSED_FUNCTION = YES;
				GCC_WARN_UNUSED_VARIABLE = YES;
				IPHONEOS_DEPLOYMENT_TARGET = 17.0;
				LOCALIZATION_PREFERS_STRING_CATALOGS = YES;
				MTL_ENABLE_DEBUG_INFO = INCLUDE_SOURCE;
				MTL_FAST_MATH = YES;
				ONLY_ACTIVE_ARCH = YES;
				SDKROOT = iphoneos;
				SWIFT_ACTIVE_COMPILATION_CONDITIONS = "DEBUG $(inherited)";
				SWIFT_OPTIMIZATION_LEVEL = "-Onone";
			};
			name = Debug;
		};
		D1819EF32B03B1A0005362CC /* Release */ = {
			isa = XCBuildConfiguration;
			buildSettings = {
				ALWAYS_SEARCH_USER_PATHS = NO;
				ASSETCATALOG_COMPILER_GENERATE_SWIFT_ASSET_SYMBOL_EXTENSIONS = YES;
				CLANG_ANALYZER_NONNULL = YES;
				CLANG_ANALYZER_NUMBER_OBJECT_CONVERSION = YES_AGGRESSIVE;
				CLANG_CXX_LANGUAGE_STANDARD = "gnu++20";
				CLANG_ENABLE_MODULES = YES;
				CLANG_ENABLE_OBJC_ARC = YES;
				CLANG_ENABLE_OBJC_WEAK = YES;
				CLANG_WARN_BLOCK_CAPTURE_AUTORELEASING = YES;
				CLANG_WARN_BOOL_CONVERSION = YES;
				CLANG_WARN_COMMA = YES;
				CLANG_WARN_CONSTANT_CONVERSION = YES;
				CLANG_WARN_DEPRECATED_OBJC_IMPLEMENTATIONS = YES;
				CLANG_WARN_DIRECT_OBJC_ISA_USAGE = YES_ERROR;
				CLANG_WARN_DOCUMENTATION_COMMENTS = YES;
				CLANG_WARN_EMPTY_BODY = YES;
				CLANG_WARN_ENUM_CONVERSION = YES;
				CLANG_WARN_INFINITE_RECURSION = YES;
				CLANG_WARN_INT_CONVERSION = YES;
				CLANG_WARN_NON_LITERAL_NULL_CONVERSION = YES;
				CLANG_WARN_OBJC_IMPLICIT_RETAIN_SELF = YES;
				CLANG_WARN_OBJC_LITERAL_CONVERSION = YES;
				CLANG_WARN_OBJC_ROOT_CLASS = YES_ERROR;
				CLANG_WARN_QUOTED_INCLUDE_IN_FRAMEWORK_HEADER = YES;
				CLANG_WARN_RANGE_LOOP_ANALYSIS = YES;
				CLANG_WARN_STRICT_PROTOTYPES = YES;
				CLANG_WARN_SUSPICIOUS_MOVE = YES;
				CLANG_WARN_UNGUARDED_AVAILABILITY = YES_AGGRESSIVE;
				CLANG_WARN_UNREACHABLE_CODE = YES;
				CLANG_WARN__DUPLICATE_METHOD_MATCH = YES;
				COPY_PHASE_STRIP = NO;
				DEBUG_INFORMATION_FORMAT = "dwarf-with-dsym";
				ENABLE_NS_ASSERTIONS = NO;
				ENABLE_STRICT_OBJC_MSGSEND = YES;
				ENABLE_USER_SCRIPT_SANDBOXING = YES;
				GCC_C_LANGUAGE_STANDARD = gnu17;
				GCC_NO_COMMON_BLOCKS = YES;
				GCC_WARN_64_TO_32_BIT_CONVERSION = YES;
				GCC_WARN_ABOUT_RETURN_TYPE = YES_ERROR;
				GCC_WARN_UNDECLARED_SELECTOR = YES;
				GCC_WARN_UNINITIALIZED_AUTOS = YES_AGGRESSIVE;
				GCC_WARN_UNUSED_FUNCTION = YES;
				GCC_WARN_UNUSED_VARIABLE = YES;
				IPHONEOS_DEPLOYMENT_TARGET = 17.0;
				LOCALIZATION_PREFERS_STRING_CATALOGS = YES;
				MTL_ENABLE_DEBUG_INFO = NO;
				MTL_FAST_MATH = YES;
				SDKROOT = iphoneos;
				SWIFT_COMPILATION_MODE = wholemodule;
				VALIDATE_PRODUCT = YES;
			};
			name = Release;
		};
		D1819EF52B03B1A0005362CC /* Debug */ = {
			isa = XCBuildConfiguration;
			buildSettings = {
				ASSETCATALOG_COMPILER_APPICON_NAME = AppIcon;
				ASSETCATALOG_COMPILER_GLOBAL_ACCENT_COLOR_NAME = AccentColor;
				CODE_SIGN_STYLE = Automatic;
				CURRENT_PROJECT_VERSION = 1;
				DEVELOPMENT_ASSET_PATHS = "\"MedicineOrganiserApp/Preview Content\"";
				DEVELOPMENT_TEAM = 5TJPWC3QB8;
				ENABLE_PREVIEWS = YES;
				GENERATE_INFOPLIST_FILE = YES;
				INFOPLIST_KEY_UIApplicationSceneManifest_Generation = YES;
				INFOPLIST_KEY_UIApplicationSupportsIndirectInputEvents = YES;
				INFOPLIST_KEY_UILaunchScreen_Generation = YES;
				INFOPLIST_KEY_UISupportedInterfaceOrientations_iPad = "UIInterfaceOrientationPortrait UIInterfaceOrientationPortraitUpsideDown UIInterfaceOrientationLandscapeLeft UIInterfaceOrientationLandscapeRight";
				INFOPLIST_KEY_UISupportedInterfaceOrientations_iPhone = "UIInterfaceOrientationPortrait UIInterfaceOrientationLandscapeLeft UIInterfaceOrientationLandscapeRight";
				LD_RUNPATH_SEARCH_PATHS = (
					"$(inherited)",
					"@executable_path/Frameworks",
				);
				MARKETING_VERSION = 1.0;
				PRODUCT_BUNDLE_IDENTIFIER = dimitar.angelov.MedicineOrganiserApp;
				PRODUCT_NAME = "$(TARGET_NAME)";
				SWIFT_EMIT_LOC_STRINGS = YES;
				SWIFT_VERSION = 5.0;
				TARGETED_DEVICE_FAMILY = "1,2";
			};
			name = Debug;
		};
		D1819EF62B03B1A0005362CC /* Release */ = {
			isa = XCBuildConfiguration;
			buildSettings = {
				ASSETCATALOG_COMPILER_APPICON_NAME = AppIcon;
				ASSETCATALOG_COMPILER_GLOBAL_ACCENT_COLOR_NAME = AccentColor;
				CODE_SIGN_STYLE = Automatic;
				CURRENT_PROJECT_VERSION = 1;
				DEVELOPMENT_ASSET_PATHS = "\"MedicineOrganiserApp/Preview Content\"";
				DEVELOPMENT_TEAM = 5TJPWC3QB8;
				ENABLE_PREVIEWS = YES;
				GENERATE_INFOPLIST_FILE = YES;
				INFOPLIST_KEY_UIApplicationSceneManifest_Generation = YES;
				INFOPLIST_KEY_UIApplicationSupportsIndirectInputEvents = YES;
				INFOPLIST_KEY_UILaunchScreen_Generation = YES;
				INFOPLIST_KEY_UISupportedInterfaceOrientations_iPad = "UIInterfaceOrientationPortrait UIInterfaceOrientationPortraitUpsideDown UIInterfaceOrientationLandscapeLeft UIInterfaceOrientationLandscapeRight";
				INFOPLIST_KEY_UISupportedInterfaceOrientations_iPhone = "UIInterfaceOrientationPortrait UIInterfaceOrientationLandscapeLeft UIInterfaceOrientationLandscapeRight";
				LD_RUNPATH_SEARCH_PATHS = (
					"$(inherited)",
					"@executable_path/Frameworks",
				);
				MARKETING_VERSION = 1.0;
				PRODUCT_BUNDLE_IDENTIFIER = dimitar.angelov.MedicineOrganiserApp;
				PRODUCT_NAME = "$(TARGET_NAME)";
				SWIFT_EMIT_LOC_STRINGS = YES;
				SWIFT_VERSION = 5.0;
				TARGETED_DEVICE_FAMILY = "1,2";
			};
			name = Release;
		};
		D1819EF82B03B1A0005362CC /* Debug */ = {
			isa = XCBuildConfiguration;
			buildSettings = {
				ALWAYS_EMBED_SWIFT_STANDARD_LIBRARIES = YES;
				BUNDLE_LOADER = "$(TEST_HOST)";
				CODE_SIGN_STYLE = Automatic;
				CURRENT_PROJECT_VERSION = 1;
				DEVELOPMENT_TEAM = 5TJPWC3QB8;
				GENERATE_INFOPLIST_FILE = YES;
				IPHONEOS_DEPLOYMENT_TARGET = 17.0;
				MARKETING_VERSION = 1.0;
				PRODUCT_BUNDLE_IDENTIFIER = dimitar.angelov.MedicineOrganiserAppTests;
				PRODUCT_NAME = "$(TARGET_NAME)";
				SWIFT_EMIT_LOC_STRINGS = NO;
				SWIFT_VERSION = 5.0;
				TARGETED_DEVICE_FAMILY = "1,2";
				TEST_HOST = "$(BUILT_PRODUCTS_DIR)/MedicineOrganiserApp.app/$(BUNDLE_EXECUTABLE_FOLDER_PATH)/MedicineOrganiserApp";
			};
			name = Debug;
		};
		D1819EF92B03B1A0005362CC /* Release */ = {
			isa = XCBuildConfiguration;
			buildSettings = {
				ALWAYS_EMBED_SWIFT_STANDARD_LIBRARIES = YES;
				BUNDLE_LOADER = "$(TEST_HOST)";
				CODE_SIGN_STYLE = Automatic;
				CURRENT_PROJECT_VERSION = 1;
				DEVELOPMENT_TEAM = 5TJPWC3QB8;
				GENERATE_INFOPLIST_FILE = YES;
				IPHONEOS_DEPLOYMENT_TARGET = 17.0;
				MARKETING_VERSION = 1.0;
				PRODUCT_BUNDLE_IDENTIFIER = dimitar.angelov.MedicineOrganiserAppTests;
				PRODUCT_NAME = "$(TARGET_NAME)";
				SWIFT_EMIT_LOC_STRINGS = NO;
				SWIFT_VERSION = 5.0;
				TARGETED_DEVICE_FAMILY = "1,2";
				TEST_HOST = "$(BUILT_PRODUCTS_DIR)/MedicineOrganiserApp.app/$(BUNDLE_EXECUTABLE_FOLDER_PATH)/MedicineOrganiserApp";
			};
			name = Release;
		};
		D1819EFB2B03B1A0005362CC /* Debug */ = {
			isa = XCBuildConfiguration;
			buildSettings = {
				ALWAYS_EMBED_SWIFT_STANDARD_LIBRARIES = YES;
				CODE_SIGN_STYLE = Automatic;
				CURRENT_PROJECT_VERSION = 1;
				DEVELOPMENT_TEAM = 5TJPWC3QB8;
				GENERATE_INFOPLIST_FILE = YES;
				MARKETING_VERSION = 1.0;
				PRODUCT_BUNDLE_IDENTIFIER = dimitar.angelov.MedicineOrganiserAppUITests;
				PRODUCT_NAME = "$(TARGET_NAME)";
				SWIFT_EMIT_LOC_STRINGS = NO;
				SWIFT_VERSION = 5.0;
				TARGETED_DEVICE_FAMILY = "1,2";
				TEST_TARGET_NAME = MedicineOrganiserApp;
			};
			name = Debug;
		};
		D1819EFC2B03B1A0005362CC /* Release */ = {
			isa = XCBuildConfiguration;
			buildSettings = {
				ALWAYS_EMBED_SWIFT_STANDARD_LIBRARIES = YES;
				CODE_SIGN_STYLE = Automatic;
				CURRENT_PROJECT_VERSION = 1;
				DEVELOPMENT_TEAM = 5TJPWC3QB8;
				GENERATE_INFOPLIST_FILE = YES;
				MARKETING_VERSION = 1.0;
				PRODUCT_BUNDLE_IDENTIFIER = dimitar.angelov.MedicineOrganiserAppUITests;
				PRODUCT_NAME = "$(TARGET_NAME)";
				SWIFT_EMIT_LOC_STRINGS = NO;
				SWIFT_VERSION = 5.0;
				TARGETED_DEVICE_FAMILY = "1,2";
				TEST_TARGET_NAME = MedicineOrganiserApp;
			};
			name = Release;
		};
/* End XCBuildConfiguration section */

/* Begin XCConfigurationList section */
		D1819ECB2B03B19E005362CC /* Build configuration list for PBXProject "MedicineOrganiserApp" */ = {
			isa = XCConfigurationList;
			buildConfigurations = (
				D1819EF22B03B1A0005362CC /* Debug */,
				D1819EF32B03B1A0005362CC /* Release */,
			);
			defaultConfigurationIsVisible = 0;
			defaultConfigurationName = Release;
		};
		D1819EF42B03B1A0005362CC /* Build configuration list for PBXNativeTarget "MedicineOrganiserApp" */ = {
			isa = XCConfigurationList;
			buildConfigurations = (
				D1819EF52B03B1A0005362CC /* Debug */,
				D1819EF62B03B1A0005362CC /* Release */,
			);
			defaultConfigurationIsVisible = 0;
			defaultConfigurationName = Release;
		};
		D1819EF72B03B1A0005362CC /* Build configuration list for PBXNativeTarget "MedicineOrganiserAppTests" */ = {
			isa = XCConfigurationList;
			buildConfigurations = (
				D1819EF82B03B1A0005362CC /* Debug */,
				D1819EF92B03B1A0005362CC /* Release */,
			);
			defaultConfigurationIsVisible = 0;
			defaultConfigurationName = Release;
		};
		D1819EFA2B03B1A0005362CC /* Build configuration list for PBXNativeTarget "MedicineOrganiserAppUITests" */ = {
			isa = XCConfigurationList;
			buildConfigurations = (
				D1819EFB2B03B1A0005362CC /* Debug */,
				D1819EFC2B03B1A0005362CC /* Release */,
			);
			defaultConfigurationIsVisible = 0;
			defaultConfigurationName = Release;
		};
/* End XCConfigurationList section */
	};
	rootObject = D1819EC82B03B19E005362CC /* Project object */;
}
